
Microsoft Visual Studio Solution File, Format Version 12.00
# Visual Studio Version 17
VisualStudioVersion = 17.14.36616.10
MinimumVisualStudioVersion = 10.0.40219.1
Project("{2150E333-8FDC-42A3-9474-1A3956D46DE8}") = "Services", "Services", "{02EA681E-C7D8-13C7-8484-4AC65E1B71E8}"
EndProject
Project("{2150E333-8FDC-42A3-9474-1A3956D46DE8}") = "Frontend", "Frontend", "{9C864578-2A49-4BBC-A0DD-850701259FDC}"
EndProject
Project("{2150E333-8FDC-42A3-9474-1A3956D46DE8}") = "IdentityServer", "IdentityServer", "{A9838446-A47F-43FC-BECE-34459037A9DE}"
EndProject
Project("{2150E333-8FDC-42A3-9474-1A3956D46DE8}") = "Basket", "Basket", "{52B4F8CA-5CB5-4A2F-8C27-A19AAFFBC7BE}"
EndProject
Project("{2150E333-8FDC-42A3-9474-1A3956D46DE8}") = "Catalog", "Catalog", "{E3C17409-FBCC-41BF-84FE-8C6A08052729}"
EndProject
Project("{2150E333-8FDC-42A3-9474-1A3956D46DE8}") = "Discount", "Discount", "{B8B5AA1C-F964-451C-8983-92F7E228F58C}"
EndProject
Project("{2150E333-8FDC-42A3-9474-1A3956D46DE8}") = "Order", "Order", "{7793523D-2A55-41E9-946A-F6C01F13F186}"
EndProject
Project("{2150E333-8FDC-42A3-9474-1A3956D46DE8}") = "Cargo", "Cargo", "{44421A2A-49A6-4CFB-B474-290C1F20E8D3}"
EndProject
Project("{FAE04EC0-301F-11D3-BF4B-00C04F79EFBC}") = "ECommerce.Catalog", "Services\Catalog\ECommerce.Catalog\ECommerce.Catalog.csproj", "{5704FC7F-D18B-44A1-A830-F125504A7DE5}"
EndProject
Project("{2150E333-8FDC-42A3-9474-1A3956D46DE8}") = "Shared", "Shared", "{2FA0928B-0090-4082-8433-A68BA251E1DE}"
	ProjectSection(SolutionItems) = preProject
		Ports.txt = Ports.txt
	EndProjectSection
EndProject
Project("{2150E333-8FDC-42A3-9474-1A3956D46DE8}") = "Core", "Core", "{7CAF266D-DAD7-401F-AB08-FECAC5C7AF4D}"
EndProject
Project("{2150E333-8FDC-42A3-9474-1A3956D46DE8}") = "Infrastructure", "Infrastructure", "{1DEAD8A1-620C-4C47-B533-E4026685967D}"
EndProject
Project("{2150E333-8FDC-42A3-9474-1A3956D46DE8}") = "Presentation", "Presentation", "{3C8C3008-03E6-4718-8DE9-37FDDF8AC3F4}"
EndProject
Project("{FAE04EC0-301F-11D3-BF4B-00C04F79EFBC}") = "ECommerce.Order.Domain", "Services\Order\Core\ECommerce.Order.Domain\ECommerce.Order.Domain.csproj", "{B868F955-9B4D-4E45-B7AC-BB62144F6ECE}"
EndProject
Project("{FAE04EC0-301F-11D3-BF4B-00C04F79EFBC}") = "ECommerce.Order.Application", "Services\Order\Core\ECommerce.Order.Application\ECommerce.Order.Application.csproj", "{33D6E093-46AC-4E69-802A-AA010874FA46}"
EndProject
Project("{FAE04EC0-301F-11D3-BF4B-00C04F79EFBC}") = "ECommerce.Order.Persistence", "Services\Order\Infrastructure\ECommerce.Order.Persistence\ECommerce.Order.Persistence.csproj", "{565C6E5B-A7D8-484D-A120-396875525398}"
EndProject
Project("{FAE04EC0-301F-11D3-BF4B-00C04F79EFBC}") = "ECommerce.Order.API", "Services\Order\Presentation\ECommerce.Order.API\ECommerce.Order.API.csproj", "{8696E779-D39D-448E-998D-363B7AB79EA8}"
EndProject
Global
	GlobalSection(SolutionConfigurationPlatforms) = preSolution
		Debug|Any CPU = Debug|Any CPU
		Release|Any CPU = Release|Any CPU
	EndGlobalSection
	GlobalSection(ProjectConfigurationPlatforms) = postSolution
		{5704FC7F-D18B-44A1-A830-F125504A7DE5}.Debug|Any CPU.ActiveCfg = Debug|Any CPU
		{5704FC7F-D18B-44A1-A830-F125504A7DE5}.Debug|Any CPU.Build.0 = Debug|Any CPU
		{5704FC7F-D18B-44A1-A830-F125504A7DE5}.Release|Any CPU.ActiveCfg = Release|Any CPU
		{5704FC7F-D18B-44A1-A830-F125504A7DE5}.Release|Any CPU.Build.0 = Release|Any CPU
		{B868F955-9B4D-4E45-B7AC-BB62144F6ECE}.Debug|Any CPU.ActiveCfg = Debug|Any CPU
		{B868F955-9B4D-4E45-B7AC-BB62144F6ECE}.Debug|Any CPU.Build.0 = Debug|Any CPU
		{B868F955-9B4D-4E45-B7AC-BB62144F6ECE}.Release|Any CPU.ActiveCfg = Release|Any CPU
		{B868F955-9B4D-4E45-B7AC-BB62144F6ECE}.Release|Any CPU.Build.0 = Release|Any CPU
		{33D6E093-46AC-4E69-802A-AA010874FA46}.Debug|Any CPU.ActiveCfg = Debug|Any CPU
		{33D6E093-46AC-4E69-802A-AA010874FA46}.Debug|Any CPU.Build.0 = Debug|Any CPU
		{33D6E093-46AC-4E69-802A-AA010874FA46}.Release|Any CPU.ActiveCfg = Release|Any CPU
		{33D6E093-46AC-4E69-802A-AA010874FA46}.Release|Any CPU.Build.0 = Release|Any CPU
		{565C6E5B-A7D8-484D-A120-396875525398}.Debug|Any CPU.ActiveCfg = Debug|Any CPU
		{565C6E5B-A7D8-484D-A120-396875525398}.Debug|Any CPU.Build.0 = Debug|Any CPU
		{565C6E5B-A7D8-484D-A120-396875525398}.Release|Any CPU.ActiveCfg = Release|Any CPU
		{565C6E5B-A7D8-484D-A120-396875525398}.Release|Any CPU.Build.0 = Release|Any CPU
		{8696E779-D39D-448E-998D-363B7AB79EA8}.Debug|Any CPU.ActiveCfg = Debug|Any CPU
		{8696E779-D39D-448E-998D-363B7AB79EA8}.Debug|Any CPU.Build.0 = Debug|Any CPU
		{8696E779-D39D-448E-998D-363B7AB79EA8}.Release|Any CPU.ActiveCfg = Release|Any CPU
		{8696E779-D39D-448E-998D-363B7AB79EA8}.Release|Any CPU.Build.0 = Release|Any CPU
	EndGlobalSection
	GlobalSection(SolutionProperties) = preSolution
		HideSolutionNode = FALSE
	EndGlobalSection
	GlobalSection(NestedProjects) = preSolution
		{52B4F8CA-5CB5-4A2F-8C27-A19AAFFBC7BE} = {02EA681E-C7D8-13C7-8484-4AC65E1B71E8}
		{E3C17409-FBCC-41BF-84FE-8C6A08052729} = {02EA681E-C7D8-13C7-8484-4AC65E1B71E8}
		{B8B5AA1C-F964-451C-8983-92F7E228F58C} = {02EA681E-C7D8-13C7-8484-4AC65E1B71E8}
		{7793523D-2A55-41E9-946A-F6C01F13F186} = {02EA681E-C7D8-13C7-8484-4AC65E1B71E8}
		{44421A2A-49A6-4CFB-B474-290C1F20E8D3} = {02EA681E-C7D8-13C7-8484-4AC65E1B71E8}
		{5704FC7F-D18B-44A1-A830-F125504A7DE5} = {E3C17409-FBCC-41BF-84FE-8C6A08052729}
		{7CAF266D-DAD7-401F-AB08-FECAC5C7AF4D} = {7793523D-2A55-41E9-946A-F6C01F13F186}
		{1DEAD8A1-620C-4C47-B533-E4026685967D} = {7793523D-2A55-41E9-946A-F6C01F13F186}
		{3C8C3008-03E6-4718-8DE9-37FDDF8AC3F4} = {7793523D-2A55-41E9-946A-F6C01F13F186}
		{B868F955-9B4D-4E45-B7AC-BB62144F6ECE} = {7CAF266D-DAD7-401F-AB08-FECAC5C7AF4D}
		{33D6E093-46AC-4E69-802A-AA010874FA46} = {7CAF266D-DAD7-401F-AB08-FECAC5C7AF4D}
		{565C6E5B-A7D8-484D-A120-396875525398} = {1DEAD8A1-620C-4C47-B533-E4026685967D}
		{8696E779-D39D-448E-998D-363B7AB79EA8} = {3C8C3008-03E6-4718-8DE9-37FDDF8AC3F4}
	EndGlobalSection
	GlobalSection(ExtensibilityGlobals) = postSolution
		SolutionGuid = {512658B4-ACEE-48F9-9D56-F5C543B0BA3F}
	EndGlobalSection
EndGlobal
